
Microsoft Visual Studio Solution File, Format Version 12.00
# Visual Studio Version 16
VisualStudioVersion = 25.0.1703.8
MinimumVisualStudioVersion = 10.0.40219.1
Project("{FAE04EC0-301F-11D3-BF4B-00C04F79EFBC}") = "WebCrawler", "WebCrawler\WebCrawler.csproj", "{C4C22E80-8927-4DC5-9222-9FB0690FDBBF}"
EndProject
Global
	GlobalSection(SolutionConfigurationPlatforms) = preSolution
		Debug|Any CPU = Debug|Any CPU
		Release|Any CPU = Release|Any CPU
	EndGlobalSection
	GlobalSection(ProjectConfigurationPlatforms) = postSolution
		{C4C22E80-8927-4DC5-9222-9FB0690FDBBF}.Debug|Any CPU.ActiveCfg = Debug|Any CPU
		{C4C22E80-8927-4DC5-9222-9FB0690FDBBF}.Debug|Any CPU.Build.0 = Debug|Any CPU
		{C4C22E80-8927-4DC5-9222-9FB0690FDBBF}.Release|Any CPU.ActiveCfg = Release|Any CPU
		{C4C22E80-8927-4DC5-9222-9FB0690FDBBF}.Release|Any CPU.Build.0 = Release|Any CPU
	EndGlobalSection
	GlobalSection(SolutionProperties) = preSolution
		HideSolutionNode = FALSE
	EndGlobalSection
	GlobalSection(ExtensibilityGlobals) = postSolution
		SolutionGuid = {F7799268-F11F-4FC4-8AFD-6673BAB2AF6D}
	EndGlobalSection
EndGlobal
