
Microsoft Visual Studio Solution File, Format Version 12.00
# Visual Studio Version 17
VisualStudioVersion = 17.2.32630.192
MinimumVisualStudioVersion = 10.0.40219.1
Project("{FAE04EC0-301F-11D3-BF4B-00C04F79EFBC}") = "WebCrawler", "WebCrawler\WebCrawler.csproj", "{68C1006F-6BC0-4CF0-B62F-2E1E142010EE}"
EndProject
Global
	GlobalSection(SolutionConfigurationPlatforms) = preSolution
		Debug|Any CPU = Debug|Any CPU
		Release|Any CPU = Release|Any CPU
	EndGlobalSection
	GlobalSection(ProjectConfigurationPlatforms) = postSolution
		{68C1006F-6BC0-4CF0-B62F-2E1E142010EE}.Debug|Any CPU.ActiveCfg = Debug|Any CPU
		{68C1006F-6BC0-4CF0-B62F-2E1E142010EE}.Debug|Any CPU.Build.0 = Debug|Any CPU
		{68C1006F-6BC0-4CF0-B62F-2E1E142010EE}.Release|Any CPU.ActiveCfg = Release|Any CPU
		{68C1006F-6BC0-4CF0-B62F-2E1E142010EE}.Release|Any CPU.Build.0 = Release|Any CPU
	EndGlobalSection
	GlobalSection(SolutionProperties) = preSolution
		HideSolutionNode = FALSE
	EndGlobalSection
	GlobalSection(ExtensibilityGlobals) = postSolution
		SolutionGuid = {021760B0-7776-4BA2-9268-9BEC2846218A}
	EndGlobalSection
EndGlobal
