
Microsoft Visual Studio Solution File, Format Version 12.00
# Visual Studio Version 17
VisualStudioVersion = 17.2.32630.192
MinimumVisualStudioVersion = 10.0.40219.1
Project("{FAE04EC0-301F-11D3-BF4B-00C04F79EFBC}") = "SearchEngineRepository", "SearchEngineRepository\SearchEngineRepository.csproj", "{05E1C416-E3B7-46A2-9619-975CE50CCD63}"
EndProject
Global
	GlobalSection(SolutionConfigurationPlatforms) = preSolution
		Debug|Any CPU = Debug|Any CPU
		Release|Any CPU = Release|Any CPU
	EndGlobalSection
	GlobalSection(ProjectConfigurationPlatforms) = postSolution
		{05E1C416-E3B7-46A2-9619-975CE50CCD63}.Debug|Any CPU.ActiveCfg = Debug|Any CPU
		{05E1C416-E3B7-46A2-9619-975CE50CCD63}.Debug|Any CPU.Build.0 = Debug|Any CPU
		{05E1C416-E3B7-46A2-9619-975CE50CCD63}.Release|Any CPU.ActiveCfg = Release|Any CPU
		{05E1C416-E3B7-46A2-9619-975CE50CCD63}.Release|Any CPU.Build.0 = Release|Any CPU
	EndGlobalSection
	GlobalSection(SolutionProperties) = preSolution
		HideSolutionNode = FALSE
	EndGlobalSection
	GlobalSection(ExtensibilityGlobals) = postSolution
		SolutionGuid = {BA297065-AB5F-45DE-81A9-39384304025F}
	EndGlobalSection
EndGlobal
